
Microsoft Visual Studio Solution File, Format Version 12.00
# Visual Studio 14
VisualStudioVersion = 14.0.25123.0
MinimumVisualStudioVersion = 10.0.40219.1
Project("{FAE04EC0-301F-11D3-BF4B-00C04F79EFBC}") = "AplicativoMeditacao.Droid", "AplicativoMeditacao\AplicativoMeditacao.Droid\AplicativoMeditacao.Droid.csproj", "{F31CBEEF-12B2-49A5-B3D4-C576A1976327}"
EndProject
Project("{FAE04EC0-301F-11D3-BF4B-00C04F79EFBC}") = "AplicativoMeditacao.iOS", "AplicativoMeditacao\AplicativoMeditacao.iOS\AplicativoMeditacao.iOS.csproj", "{2E3EB4C6-9BFD-4CEA-902C-205D1C5630ED}"
EndProject
Project("{FAE04EC0-301F-11D3-BF4B-00C04F79EFBC}") = "AplicativoMeditacao.WinPhone", "AplicativoMeditacao\AplicativoMeditacao.WinPhone\AplicativoMeditacao.WinPhone.csproj", "{924763FD-5A15-4736-95AF-B53CFFB9A066}"
EndProject
Project("{FAE04EC0-301F-11D3-BF4B-00C04F79EFBC}") = "AplicativoMeditacao.UWP", "AplicativoMeditacao\AplicativoMeditacao.UWP\AplicativoMeditacao.UWP.csproj", "{1628ED44-3495-4C1E-AA98-1B0794822B33}"
EndProject
Project("{FAE04EC0-301F-11D3-BF4B-00C04F79EFBC}") = "AplicativoMeditacao.Windows", "AplicativoMeditacao\AplicativoMeditacao.Windows\AplicativoMeditacao.Windows.csproj", "{1F2C0C56-BDB3-47BC-9EAE-9527DF2FAAB8}"
EndProject
Project("{FAE04EC0-301F-11D3-BF4B-00C04F79EFBC}") = "AplicativoMeditacao", "AplicativoMeditacao\AplicativoMeditacao\AplicativoMeditacao.csproj", "{FCE9E0CE-998B-477E-9CF4-AAB3E2CA8BAE}"
EndProject
Global
	GlobalSection(SolutionConfigurationPlatforms) = preSolution
		Ad-Hoc|Any CPU = Ad-Hoc|Any CPU
		Ad-Hoc|ARM = Ad-Hoc|ARM
		Ad-Hoc|iPhone = Ad-Hoc|iPhone
		Ad-Hoc|iPhoneSimulator = Ad-Hoc|iPhoneSimulator
		Ad-Hoc|x64 = Ad-Hoc|x64
		Ad-Hoc|x86 = Ad-Hoc|x86
		AppStore|Any CPU = AppStore|Any CPU
		AppStore|ARM = AppStore|ARM
		AppStore|iPhone = AppStore|iPhone
		AppStore|iPhoneSimulator = AppStore|iPhoneSimulator
		AppStore|x64 = AppStore|x64
		AppStore|x86 = AppStore|x86
		Debug|Any CPU = Debug|Any CPU
		Debug|ARM = Debug|ARM
		Debug|iPhone = Debug|iPhone
		Debug|iPhoneSimulator = Debug|iPhoneSimulator
		Debug|x64 = Debug|x64
		Debug|x86 = Debug|x86
		Release|Any CPU = Release|Any CPU
		Release|ARM = Release|ARM
		Release|iPhone = Release|iPhone
		Release|iPhoneSimulator = Release|iPhoneSimulator
		Release|x64 = Release|x64
		Release|x86 = Release|x86
	EndGlobalSection
	GlobalSection(ProjectConfigurationPlatforms) = postSolution
		{F31CBEEF-12B2-49A5-B3D4-C576A1976327}.Ad-Hoc|Any CPU.ActiveCfg = Release|Any CPU
		{F31CBEEF-12B2-49A5-B3D4-C576A1976327}.Ad-Hoc|Any CPU.Build.0 = Release|Any CPU
		{F31CBEEF-12B2-49A5-B3D4-C576A1976327}.Ad-Hoc|Any CPU.Deploy.0 = Release|Any CPU
		{F31CBEEF-12B2-49A5-B3D4-C576A1976327}.Ad-Hoc|ARM.ActiveCfg = Release|Any CPU
		{F31CBEEF-12B2-49A5-B3D4-C576A1976327}.Ad-Hoc|ARM.Build.0 = Release|Any CPU
		{F31CBEEF-12B2-49A5-B3D4-C576A1976327}.Ad-Hoc|ARM.Deploy.0 = Release|Any CPU
		{F31CBEEF-12B2-49A5-B3D4-C576A1976327}.Ad-Hoc|iPhone.ActiveCfg = Release|Any CPU
		{F31CBEEF-12B2-49A5-B3D4-C576A1976327}.Ad-Hoc|iPhone.Build.0 = Release|Any CPU
		{F31CBEEF-12B2-49A5-B3D4-C576A1976327}.Ad-Hoc|iPhone.Deploy.0 = Release|Any CPU
		{F31CBEEF-12B2-49A5-B3D4-C576A1976327}.Ad-Hoc|iPhoneSimulator.ActiveCfg = Release|Any CPU
		{F31CBEEF-12B2-49A5-B3D4-C576A1976327}.Ad-Hoc|iPhoneSimulator.Build.0 = Release|Any CPU
		{F31CBEEF-12B2-49A5-B3D4-C576A1976327}.Ad-Hoc|iPhoneSimulator.Deploy.0 = Release|Any CPU
		{F31CBEEF-12B2-49A5-B3D4-C576A1976327}.Ad-Hoc|x64.ActiveCfg = Release|Any CPU
		{F31CBEEF-12B2-49A5-B3D4-C576A1976327}.Ad-Hoc|x64.Build.0 = Release|Any CPU
		{F31CBEEF-12B2-49A5-B3D4-C576A1976327}.Ad-Hoc|x64.Deploy.0 = Release|Any CPU
		{F31CBEEF-12B2-49A5-B3D4-C576A1976327}.Ad-Hoc|x86.ActiveCfg = Release|Any CPU
		{F31CBEEF-12B2-49A5-B3D4-C576A1976327}.Ad-Hoc|x86.Build.0 = Release|Any CPU
		{F31CBEEF-12B2-49A5-B3D4-C576A1976327}.Ad-Hoc|x86.Deploy.0 = Release|Any CPU
		{F31CBEEF-12B2-49A5-B3D4-C576A1976327}.AppStore|Any CPU.ActiveCfg = Release|Any CPU
		{F31CBEEF-12B2-49A5-B3D4-C576A1976327}.AppStore|Any CPU.Build.0 = Release|Any CPU
		{F31CBEEF-12B2-49A5-B3D4-C576A1976327}.AppStore|Any CPU.Deploy.0 = Release|Any CPU
		{F31CBEEF-12B2-49A5-B3D4-C576A1976327}.AppStore|ARM.ActiveCfg = Release|Any CPU
		{F31CBEEF-12B2-49A5-B3D4-C576A1976327}.AppStore|ARM.Build.0 = Release|Any CPU
		{F31CBEEF-12B2-49A5-B3D4-C576A1976327}.AppStore|ARM.Deploy.0 = Release|Any CPU
		{F31CBEEF-12B2-49A5-B3D4-C576A1976327}.AppStore|iPhone.ActiveCfg = Release|Any CPU
		{F31CBEEF-12B2-49A5-B3D4-C576A1976327}.AppStore|iPhone.Build.0 = Release|Any CPU
		{F31CBEEF-12B2-49A5-B3D4-C576A1976327}.AppStore|iPhone.Deploy.0 = Release|Any CPU
		{F31CBEEF-12B2-49A5-B3D4-C576A1976327}.AppStore|iPhoneSimulator.ActiveCfg = Release|Any CPU
		{F31CBEEF-12B2-49A5-B3D4-C576A1976327}.AppStore|iPhoneSimulator.Build.0 = Release|Any CPU
		{F31CBEEF-12B2-49A5-B3D4-C576A1976327}.AppStore|iPhoneSimulator.Deploy.0 = Release|Any CPU
		{F31CBEEF-12B2-49A5-B3D4-C576A1976327}.AppStore|x64.ActiveCfg = Release|Any CPU
		{F31CBEEF-12B2-49A5-B3D4-C576A1976327}.AppStore|x64.Build.0 = Release|Any CPU
		{F31CBEEF-12B2-49A5-B3D4-C576A1976327}.AppStore|x64.Deploy.0 = Release|Any CPU
		{F31CBEEF-12B2-49A5-B3D4-C576A1976327}.AppStore|x86.ActiveCfg = Release|Any CPU
		{F31CBEEF-12B2-49A5-B3D4-C576A1976327}.AppStore|x86.Build.0 = Release|Any CPU
		{F31CBEEF-12B2-49A5-B3D4-C576A1976327}.AppStore|x86.Deploy.0 = Release|Any CPU
		{F31CBEEF-12B2-49A5-B3D4-C576A1976327}.Debug|Any CPU.ActiveCfg = Debug|Any CPU
		{F31CBEEF-12B2-49A5-B3D4-C576A1976327}.Debug|Any CPU.Build.0 = Debug|Any CPU
		{F31CBEEF-12B2-49A5-B3D4-C576A1976327}.Debug|Any CPU.Deploy.0 = Debug|Any CPU
		{F31CBEEF-12B2-49A5-B3D4-C576A1976327}.Debug|ARM.ActiveCfg = Debug|Any CPU
		{F31CBEEF-12B2-49A5-B3D4-C576A1976327}.Debug|ARM.Build.0 = Debug|Any CPU
		{F31CBEEF-12B2-49A5-B3D4-C576A1976327}.Debug|ARM.Deploy.0 = Debug|Any CPU
		{F31CBEEF-12B2-49A5-B3D4-C576A1976327}.Debug|iPhone.ActiveCfg = Debug|Any CPU
		{F31CBEEF-12B2-49A5-B3D4-C576A1976327}.Debug|iPhone.Build.0 = Debug|Any CPU
		{F31CBEEF-12B2-49A5-B3D4-C576A1976327}.Debug|iPhone.Deploy.0 = Debug|Any CPU
		{F31CBEEF-12B2-49A5-B3D4-C576A1976327}.Debug|iPhoneSimulator.ActiveCfg = Debug|Any CPU
		{F31CBEEF-12B2-49A5-B3D4-C576A1976327}.Debug|iPhoneSimulator.Build.0 = Debug|Any CPU
		{F31CBEEF-12B2-49A5-B3D4-C576A1976327}.Debug|iPhoneSimulator.Deploy.0 = Debug|Any CPU
		{F31CBEEF-12B2-49A5-B3D4-C576A1976327}.Debug|x64.ActiveCfg = Debug|Any CPU
		{F31CBEEF-12B2-49A5-B3D4-C576A1976327}.Debug|x64.Build.0 = Debug|Any CPU
		{F31CBEEF-12B2-49A5-B3D4-C576A1976327}.Debug|x64.Deploy.0 = Debug|Any CPU
		{F31CBEEF-12B2-49A5-B3D4-C576A1976327}.Debug|x86.ActiveCfg = Debug|Any CPU
		{F31CBEEF-12B2-49A5-B3D4-C576A1976327}.Debug|x86.Build.0 = Debug|Any CPU
		{F31CBEEF-12B2-49A5-B3D4-C576A1976327}.Debug|x86.Deploy.0 = Debug|Any CPU
		{F31CBEEF-12B2-49A5-B3D4-C576A1976327}.Release|Any CPU.ActiveCfg = Release|Any CPU
		{F31CBEEF-12B2-49A5-B3D4-C576A1976327}.Release|Any CPU.Build.0 = Release|Any CPU
		{F31CBEEF-12B2-49A5-B3D4-C576A1976327}.Release|Any CPU.Deploy.0 = Release|Any CPU
		{F31CBEEF-12B2-49A5-B3D4-C576A1976327}.Release|ARM.ActiveCfg = Release|Any CPU
		{F31CBEEF-12B2-49A5-B3D4-C576A1976327}.Release|ARM.Build.0 = Release|Any CPU
		{F31CBEEF-12B2-49A5-B3D4-C576A1976327}.Release|ARM.Deploy.0 = Release|Any CPU
		{F31CBEEF-12B2-49A5-B3D4-C576A1976327}.Release|iPhone.ActiveCfg = Release|Any CPU
		{F31CBEEF-12B2-49A5-B3D4-C576A1976327}.Release|iPhone.Build.0 = Release|Any CPU
		{F31CBEEF-12B2-49A5-B3D4-C576A1976327}.Release|iPhone.Deploy.0 = Release|Any CPU
		{F31CBEEF-12B2-49A5-B3D4-C576A1976327}.Release|iPhoneSimulator.ActiveCfg = Release|Any CPU
		{F31CBEEF-12B2-49A5-B3D4-C576A1976327}.Release|iPhoneSimulator.Build.0 = Release|Any CPU
		{F31CBEEF-12B2-49A5-B3D4-C576A1976327}.Release|iPhoneSimulator.Deploy.0 = Release|Any CPU
		{F31CBEEF-12B2-49A5-B3D4-C576A1976327}.Release|x64.ActiveCfg = Release|Any CPU
		{F31CBEEF-12B2-49A5-B3D4-C576A1976327}.Release|x64.Build.0 = Release|Any CPU
		{F31CBEEF-12B2-49A5-B3D4-C576A1976327}.Release|x64.Deploy.0 = Release|Any CPU
		{F31CBEEF-12B2-49A5-B3D4-C576A1976327}.Release|x86.ActiveCfg = Release|Any CPU
		{F31CBEEF-12B2-49A5-B3D4-C576A1976327}.Release|x86.Build.0 = Release|Any CPU
		{F31CBEEF-12B2-49A5-B3D4-C576A1976327}.Release|x86.Deploy.0 = Release|Any CPU
		{2E3EB4C6-9BFD-4CEA-902C-205D1C5630ED}.Ad-Hoc|Any CPU.ActiveCfg = Ad-Hoc|iPhone
		{2E3EB4C6-9BFD-4CEA-902C-205D1C5630ED}.Ad-Hoc|ARM.ActiveCfg = Ad-Hoc|iPhone
		{2E3EB4C6-9BFD-4CEA-902C-205D1C5630ED}.Ad-Hoc|iPhone.ActiveCfg = Ad-Hoc|iPhone
		{2E3EB4C6-9BFD-4CEA-902C-205D1C5630ED}.Ad-Hoc|iPhone.Build.0 = Ad-Hoc|iPhone
		{2E3EB4C6-9BFD-4CEA-902C-205D1C5630ED}.Ad-Hoc|iPhoneSimulator.ActiveCfg = Ad-Hoc|iPhoneSimulator
		{2E3EB4C6-9BFD-4CEA-902C-205D1C5630ED}.Ad-Hoc|iPhoneSimulator.Build.0 = Ad-Hoc|iPhoneSimulator
		{2E3EB4C6-9BFD-4CEA-902C-205D1C5630ED}.Ad-Hoc|x64.ActiveCfg = Ad-Hoc|iPhone
		{2E3EB4C6-9BFD-4CEA-902C-205D1C5630ED}.Ad-Hoc|x86.ActiveCfg = Ad-Hoc|iPhone
		{2E3EB4C6-9BFD-4CEA-902C-205D1C5630ED}.AppStore|Any CPU.ActiveCfg = AppStore|iPhone
		{2E3EB4C6-9BFD-4CEA-902C-205D1C5630ED}.AppStore|ARM.ActiveCfg = AppStore|iPhone
		{2E3EB4C6-9BFD-4CEA-902C-205D1C5630ED}.AppStore|iPhone.ActiveCfg = AppStore|iPhone
		{2E3EB4C6-9BFD-4CEA-902C-205D1C5630ED}.AppStore|iPhone.Build.0 = AppStore|iPhone
		{2E3EB4C6-9BFD-4CEA-902C-205D1C5630ED}.AppStore|iPhoneSimulator.ActiveCfg = AppStore|iPhoneSimulator
		{2E3EB4C6-9BFD-4CEA-902C-205D1C5630ED}.AppStore|iPhoneSimulator.Build.0 = AppStore|iPhoneSimulator
		{2E3EB4C6-9BFD-4CEA-902C-205D1C5630ED}.AppStore|x64.ActiveCfg = AppStore|iPhone
		{2E3EB4C6-9BFD-4CEA-902C-205D1C5630ED}.AppStore|x86.ActiveCfg = AppStore|iPhone
		{2E3EB4C6-9BFD-4CEA-902C-205D1C5630ED}.Debug|Any CPU.ActiveCfg = Debug|iPhone
		{2E3EB4C6-9BFD-4CEA-902C-205D1C5630ED}.Debug|Any CPU.Build.0 = Debug|iPhone
		{2E3EB4C6-9BFD-4CEA-902C-205D1C5630ED}.Debug|Any CPU.Deploy.0 = Debug|iPhone
		{2E3EB4C6-9BFD-4CEA-902C-205D1C5630ED}.Debug|ARM.ActiveCfg = Debug|iPhone
		{2E3EB4C6-9BFD-4CEA-902C-205D1C5630ED}.Debug|iPhone.ActiveCfg = Debug|iPhone
		{2E3EB4C6-9BFD-4CEA-902C-205D1C5630ED}.Debug|iPhone.Build.0 = Debug|iPhone
		{2E3EB4C6-9BFD-4CEA-902C-205D1C5630ED}.Debug|iPhoneSimulator.ActiveCfg = Debug|iPhoneSimulator
		{2E3EB4C6-9BFD-4CEA-902C-205D1C5630ED}.Debug|iPhoneSimulator.Build.0 = Debug|iPhoneSimulator
		{2E3EB4C6-9BFD-4CEA-902C-205D1C5630ED}.Debug|x64.ActiveCfg = Debug|iPhone
		{2E3EB4C6-9BFD-4CEA-902C-205D1C5630ED}.Debug|x86.ActiveCfg = Debug|iPhone
		{2E3EB4C6-9BFD-4CEA-902C-205D1C5630ED}.Release|Any CPU.ActiveCfg = Release|iPhone
		{2E3EB4C6-9BFD-4CEA-902C-205D1C5630ED}.Release|ARM.ActiveCfg = Release|iPhone
		{2E3EB4C6-9BFD-4CEA-902C-205D1C5630ED}.Release|iPhone.ActiveCfg = Release|iPhone
		{2E3EB4C6-9BFD-4CEA-902C-205D1C5630ED}.Release|iPhone.Build.0 = Release|iPhone
		{2E3EB4C6-9BFD-4CEA-902C-205D1C5630ED}.Release|iPhoneSimulator.ActiveCfg = Release|iPhoneSimulator
		{2E3EB4C6-9BFD-4CEA-902C-205D1C5630ED}.Release|iPhoneSimulator.Build.0 = Release|iPhoneSimulator
		{2E3EB4C6-9BFD-4CEA-902C-205D1C5630ED}.Release|x64.ActiveCfg = Release|iPhone
		{2E3EB4C6-9BFD-4CEA-902C-205D1C5630ED}.Release|x86.ActiveCfg = Release|iPhone
		{924763FD-5A15-4736-95AF-B53CFFB9A066}.Ad-Hoc|Any CPU.ActiveCfg = Release|Any CPU
		{924763FD-5A15-4736-95AF-B53CFFB9A066}.Ad-Hoc|Any CPU.Build.0 = Release|Any CPU
		{924763FD-5A15-4736-95AF-B53CFFB9A066}.Ad-Hoc|Any CPU.Deploy.0 = Release|Any CPU
		{924763FD-5A15-4736-95AF-B53CFFB9A066}.Ad-Hoc|ARM.ActiveCfg = Release|ARM
		{924763FD-5A15-4736-95AF-B53CFFB9A066}.Ad-Hoc|ARM.Build.0 = Release|ARM
		{924763FD-5A15-4736-95AF-B53CFFB9A066}.Ad-Hoc|ARM.Deploy.0 = Release|ARM
		{924763FD-5A15-4736-95AF-B53CFFB9A066}.Ad-Hoc|iPhone.ActiveCfg = Release|Any CPU
		{924763FD-5A15-4736-95AF-B53CFFB9A066}.Ad-Hoc|iPhone.Build.0 = Release|Any CPU
		{924763FD-5A15-4736-95AF-B53CFFB9A066}.Ad-Hoc|iPhone.Deploy.0 = Release|Any CPU
		{924763FD-5A15-4736-95AF-B53CFFB9A066}.Ad-Hoc|iPhoneSimulator.ActiveCfg = Release|Any CPU
		{924763FD-5A15-4736-95AF-B53CFFB9A066}.Ad-Hoc|iPhoneSimulator.Build.0 = Release|Any CPU
		{924763FD-5A15-4736-95AF-B53CFFB9A066}.Ad-Hoc|iPhoneSimulator.Deploy.0 = Release|Any CPU
		{924763FD-5A15-4736-95AF-B53CFFB9A066}.Ad-Hoc|x64.ActiveCfg = Release|Any CPU
		{924763FD-5A15-4736-95AF-B53CFFB9A066}.Ad-Hoc|x64.Build.0 = Release|Any CPU
		{924763FD-5A15-4736-95AF-B53CFFB9A066}.Ad-Hoc|x64.Deploy.0 = Release|Any CPU
		{924763FD-5A15-4736-95AF-B53CFFB9A066}.Ad-Hoc|x86.ActiveCfg = Release|x86
		{924763FD-5A15-4736-95AF-B53CFFB9A066}.Ad-Hoc|x86.Build.0 = Release|x86
		{924763FD-5A15-4736-95AF-B53CFFB9A066}.Ad-Hoc|x86.Deploy.0 = Release|x86
		{924763FD-5A15-4736-95AF-B53CFFB9A066}.AppStore|Any CPU.ActiveCfg = Release|Any CPU
		{924763FD-5A15-4736-95AF-B53CFFB9A066}.AppStore|Any CPU.Build.0 = Release|Any CPU
		{924763FD-5A15-4736-95AF-B53CFFB9A066}.AppStore|Any CPU.Deploy.0 = Release|Any CPU
		{924763FD-5A15-4736-95AF-B53CFFB9A066}.AppStore|ARM.ActiveCfg = Release|ARM
		{924763FD-5A15-4736-95AF-B53CFFB9A066}.AppStore|ARM.Build.0 = Release|ARM
		{924763FD-5A15-4736-95AF-B53CFFB9A066}.AppStore|ARM.Deploy.0 = Release|ARM
		{924763FD-5A15-4736-95AF-B53CFFB9A066}.AppStore|iPhone.ActiveCfg = Release|Any CPU
		{924763FD-5A15-4736-95AF-B53CFFB9A066}.AppStore|iPhone.Build.0 = Release|Any CPU
		{924763FD-5A15-4736-95AF-B53CFFB9A066}.AppStore|iPhone.Deploy.0 = Release|Any CPU
		{924763FD-5A15-4736-95AF-B53CFFB9A066}.AppStore|iPhoneSimulator.ActiveCfg = Release|Any CPU
		{924763FD-5A15-4736-95AF-B53CFFB9A066}.AppStore|iPhoneSimulator.Build.0 = Release|Any CPU
		{924763FD-5A15-4736-95AF-B53CFFB9A066}.AppStore|iPhoneSimulator.Deploy.0 = Release|Any CPU
		{924763FD-5A15-4736-95AF-B53CFFB9A066}.AppStore|x64.ActiveCfg = Release|Any CPU
		{924763FD-5A15-4736-95AF-B53CFFB9A066}.AppStore|x64.Build.0 = Release|Any CPU
		{924763FD-5A15-4736-95AF-B53CFFB9A066}.AppStore|x64.Deploy.0 = Release|Any CPU
		{924763FD-5A15-4736-95AF-B53CFFB9A066}.AppStore|x86.ActiveCfg = Release|x86
		{924763FD-5A15-4736-95AF-B53CFFB9A066}.AppStore|x86.Build.0 = Release|x86
		{924763FD-5A15-4736-95AF-B53CFFB9A066}.AppStore|x86.Deploy.0 = Release|x86
		{924763FD-5A15-4736-95AF-B53CFFB9A066}.Debug|Any CPU.ActiveCfg = Debug|Any CPU
		{924763FD-5A15-4736-95AF-B53CFFB9A066}.Debug|Any CPU.Build.0 = Debug|Any CPU
		{924763FD-5A15-4736-95AF-B53CFFB9A066}.Debug|Any CPU.Deploy.0 = Debug|Any CPU
		{924763FD-5A15-4736-95AF-B53CFFB9A066}.Debug|ARM.ActiveCfg = Debug|ARM
		{924763FD-5A15-4736-95AF-B53CFFB9A066}.Debug|ARM.Build.0 = Debug|ARM
		{924763FD-5A15-4736-95AF-B53CFFB9A066}.Debug|ARM.Deploy.0 = Debug|ARM
		{924763FD-5A15-4736-95AF-B53CFFB9A066}.Debug|iPhone.ActiveCfg = Debug|Any CPU
		{924763FD-5A15-4736-95AF-B53CFFB9A066}.Debug|iPhone.Build.0 = Debug|Any CPU
		{924763FD-5A15-4736-95AF-B53CFFB9A066}.Debug|iPhone.Deploy.0 = Debug|Any CPU
		{924763FD-5A15-4736-95AF-B53CFFB9A066}.Debug|iPhoneSimulator.ActiveCfg = Debug|Any CPU
		{924763FD-5A15-4736-95AF-B53CFFB9A066}.Debug|iPhoneSimulator.Build.0 = Debug|Any CPU
		{924763FD-5A15-4736-95AF-B53CFFB9A066}.Debug|iPhoneSimulator.Deploy.0 = Debug|Any CPU
		{924763FD-5A15-4736-95AF-B53CFFB9A066}.Debug|x64.ActiveCfg = Debug|Any CPU
		{924763FD-5A15-4736-95AF-B53CFFB9A066}.Debug|x64.Build.0 = Debug|Any CPU
		{924763FD-5A15-4736-95AF-B53CFFB9A066}.Debug|x64.Deploy.0 = Debug|Any CPU
		{924763FD-5A15-4736-95AF-B53CFFB9A066}.Debug|x86.ActiveCfg = Debug|x86
		{924763FD-5A15-4736-95AF-B53CFFB9A066}.Debug|x86.Build.0 = Debug|x86
		{924763FD-5A15-4736-95AF-B53CFFB9A066}.Debug|x86.Deploy.0 = Debug|x86
		{924763FD-5A15-4736-95AF-B53CFFB9A066}.Release|Any CPU.ActiveCfg = Release|Any CPU
		{924763FD-5A15-4736-95AF-B53CFFB9A066}.Release|Any CPU.Build.0 = Release|Any CPU
		{924763FD-5A15-4736-95AF-B53CFFB9A066}.Release|Any CPU.Deploy.0 = Release|Any CPU
		{924763FD-5A15-4736-95AF-B53CFFB9A066}.Release|ARM.ActiveCfg = Release|ARM
		{924763FD-5A15-4736-95AF-B53CFFB9A066}.Release|ARM.Build.0 = Release|ARM
		{924763FD-5A15-4736-95AF-B53CFFB9A066}.Release|ARM.Deploy.0 = Release|ARM
		{924763FD-5A15-4736-95AF-B53CFFB9A066}.Release|iPhone.ActiveCfg = Release|Any CPU
		{924763FD-5A15-4736-95AF-B53CFFB9A066}.Release|iPhone.Build.0 = Release|Any CPU
		{924763FD-5A15-4736-95AF-B53CFFB9A066}.Release|iPhone.Deploy.0 = Release|Any CPU
		{924763FD-5A15-4736-95AF-B53CFFB9A066}.Release|iPhoneSimulator.ActiveCfg = Release|Any CPU
		{924763FD-5A15-4736-95AF-B53CFFB9A066}.Release|iPhoneSimulator.Build.0 = Release|Any CPU
		{924763FD-5A15-4736-95AF-B53CFFB9A066}.Release|iPhoneSimulator.Deploy.0 = Release|Any CPU
		{924763FD-5A15-4736-95AF-B53CFFB9A066}.Release|x64.ActiveCfg = Release|Any CPU
		{924763FD-5A15-4736-95AF-B53CFFB9A066}.Release|x64.Build.0 = Release|Any CPU
		{924763FD-5A15-4736-95AF-B53CFFB9A066}.Release|x64.Deploy.0 = Release|Any CPU
		{924763FD-5A15-4736-95AF-B53CFFB9A066}.Release|x86.ActiveCfg = Release|x86
		{924763FD-5A15-4736-95AF-B53CFFB9A066}.Release|x86.Build.0 = Release|x86
		{924763FD-5A15-4736-95AF-B53CFFB9A066}.Release|x86.Deploy.0 = Release|x86
		{1628ED44-3495-4C1E-AA98-1B0794822B33}.Ad-Hoc|Any CPU.ActiveCfg = Release|x86
		{1628ED44-3495-4C1E-AA98-1B0794822B33}.Ad-Hoc|Any CPU.Build.0 = Release|x86
		{1628ED44-3495-4C1E-AA98-1B0794822B33}.Ad-Hoc|Any CPU.Deploy.0 = Release|x86
		{1628ED44-3495-4C1E-AA98-1B0794822B33}.Ad-Hoc|ARM.ActiveCfg = Release|ARM
		{1628ED44-3495-4C1E-AA98-1B0794822B33}.Ad-Hoc|ARM.Build.0 = Release|ARM
		{1628ED44-3495-4C1E-AA98-1B0794822B33}.Ad-Hoc|ARM.Deploy.0 = Release|ARM
		{1628ED44-3495-4C1E-AA98-1B0794822B33}.Ad-Hoc|iPhone.ActiveCfg = Release|x86
		{1628ED44-3495-4C1E-AA98-1B0794822B33}.Ad-Hoc|iPhone.Build.0 = Release|x86
		{1628ED44-3495-4C1E-AA98-1B0794822B33}.Ad-Hoc|iPhone.Deploy.0 = Release|x86
		{1628ED44-3495-4C1E-AA98-1B0794822B33}.Ad-Hoc|iPhoneSimulator.ActiveCfg = Release|x86
		{1628ED44-3495-4C1E-AA98-1B0794822B33}.Ad-Hoc|iPhoneSimulator.Build.0 = Release|x86
		{1628ED44-3495-4C1E-AA98-1B0794822B33}.Ad-Hoc|iPhoneSimulator.Deploy.0 = Release|x86
		{1628ED44-3495-4C1E-AA98-1B0794822B33}.Ad-Hoc|x64.ActiveCfg = Release|x64
		{1628ED44-3495-4C1E-AA98-1B0794822B33}.Ad-Hoc|x64.Build.0 = Release|x64
		{1628ED44-3495-4C1E-AA98-1B0794822B33}.Ad-Hoc|x64.Deploy.0 = Release|x64
		{1628ED44-3495-4C1E-AA98-1B0794822B33}.Ad-Hoc|x86.ActiveCfg = Release|x86
		{1628ED44-3495-4C1E-AA98-1B0794822B33}.Ad-Hoc|x86.Build.0 = Release|x86
		{1628ED44-3495-4C1E-AA98-1B0794822B33}.Ad-Hoc|x86.Deploy.0 = Release|x86
		{1628ED44-3495-4C1E-AA98-1B0794822B33}.AppStore|Any CPU.ActiveCfg = Release|x86
		{1628ED44-3495-4C1E-AA98-1B0794822B33}.AppStore|Any CPU.Build.0 = Release|x86
		{1628ED44-3495-4C1E-AA98-1B0794822B33}.AppStore|Any CPU.Deploy.0 = Release|x86
		{1628ED44-3495-4C1E-AA98-1B0794822B33}.AppStore|ARM.ActiveCfg = Release|ARM
		{1628ED44-3495-4C1E-AA98-1B0794822B33}.AppStore|ARM.Build.0 = Release|ARM
		{1628ED44-3495-4C1E-AA98-1B0794822B33}.AppStore|ARM.Deploy.0 = Release|ARM
		{1628ED44-3495-4C1E-AA98-1B0794822B33}.AppStore|iPhone.ActiveCfg = Release|x86
		{1628ED44-3495-4C1E-AA98-1B0794822B33}.AppStore|iPhone.Build.0 = Release|x86
		{1628ED44-3495-4C1E-AA98-1B0794822B33}.AppStore|iPhone.Deploy.0 = Release|x86
		{1628ED44-3495-4C1E-AA98-1B0794822B33}.AppStore|iPhoneSimulator.ActiveCfg = Release|x86
		{1628ED44-3495-4C1E-AA98-1B0794822B33}.AppStore|iPhoneSimulator.Build.0 = Release|x86
		{1628ED44-3495-4C1E-AA98-1B0794822B33}.AppStore|iPhoneSimulator.Deploy.0 = Release|x86
		{1628ED44-3495-4C1E-AA98-1B0794822B33}.AppStore|x64.ActiveCfg = Release|x64
		{1628ED44-3495-4C1E-AA98-1B0794822B33}.AppStore|x64.Build.0 = Release|x64
		{1628ED44-3495-4C1E-AA98-1B0794822B33}.AppStore|x64.Deploy.0 = Release|x64
		{1628ED44-3495-4C1E-AA98-1B0794822B33}.AppStore|x86.ActiveCfg = Release|x86
		{1628ED44-3495-4C1E-AA98-1B0794822B33}.AppStore|x86.Build.0 = Release|x86
		{1628ED44-3495-4C1E-AA98-1B0794822B33}.AppStore|x86.Deploy.0 = Release|x86
		{1628ED44-3495-4C1E-AA98-1B0794822B33}.Debug|Any CPU.ActiveCfg = Debug|x86
		{1628ED44-3495-4C1E-AA98-1B0794822B33}.Debug|Any CPU.Build.0 = Debug|x86
		{1628ED44-3495-4C1E-AA98-1B0794822B33}.Debug|Any CPU.Deploy.0 = Debug|x86
		{1628ED44-3495-4C1E-AA98-1B0794822B33}.Debug|ARM.ActiveCfg = Debug|ARM
		{1628ED44-3495-4C1E-AA98-1B0794822B33}.Debug|ARM.Build.0 = Debug|ARM
		{1628ED44-3495-4C1E-AA98-1B0794822B33}.Debug|ARM.Deploy.0 = Debug|ARM
		{1628ED44-3495-4C1E-AA98-1B0794822B33}.Debug|iPhone.ActiveCfg = Debug|x86
		{1628ED44-3495-4C1E-AA98-1B0794822B33}.Debug|iPhoneSimulator.ActiveCfg = Debug|x86
		{1628ED44-3495-4C1E-AA98-1B0794822B33}.Debug|x64.ActiveCfg = Debug|x64
		{1628ED44-3495-4C1E-AA98-1B0794822B33}.Debug|x64.Build.0 = Debug|x64
		{1628ED44-3495-4C1E-AA98-1B0794822B33}.Debug|x64.Deploy.0 = Debug|x64
		{1628ED44-3495-4C1E-AA98-1B0794822B33}.Debug|x86.ActiveCfg = Debug|x86
		{1628ED44-3495-4C1E-AA98-1B0794822B33}.Debug|x86.Build.0 = Debug|x86
		{1628ED44-3495-4C1E-AA98-1B0794822B33}.Debug|x86.Deploy.0 = Debug|x86
		{1628ED44-3495-4C1E-AA98-1B0794822B33}.Release|Any CPU.ActiveCfg = Release|x86
		{1628ED44-3495-4C1E-AA98-1B0794822B33}.Release|ARM.ActiveCfg = Release|ARM
		{1628ED44-3495-4C1E-AA98-1B0794822B33}.Release|ARM.Build.0 = Release|ARM
		{1628ED44-3495-4C1E-AA98-1B0794822B33}.Release|ARM.Deploy.0 = Release|ARM
		{1628ED44-3495-4C1E-AA98-1B0794822B33}.Release|iPhone.ActiveCfg = Release|x86
		{1628ED44-3495-4C1E-AA98-1B0794822B33}.Release|iPhoneSimulator.ActiveCfg = Release|x86
		{1628ED44-3495-4C1E-AA98-1B0794822B33}.Release|x64.ActiveCfg = Release|x64
		{1628ED44-3495-4C1E-AA98-1B0794822B33}.Release|x64.Build.0 = Release|x64
		{1628ED44-3495-4C1E-AA98-1B0794822B33}.Release|x64.Deploy.0 = Release|x64
		{1628ED44-3495-4C1E-AA98-1B0794822B33}.Release|x86.ActiveCfg = Release|x86
		{1628ED44-3495-4C1E-AA98-1B0794822B33}.Release|x86.Build.0 = Release|x86
		{1628ED44-3495-4C1E-AA98-1B0794822B33}.Release|x86.Deploy.0 = Release|x86
		{1F2C0C56-BDB3-47BC-9EAE-9527DF2FAAB8}.Ad-Hoc|Any CPU.ActiveCfg = Release|Any CPU
		{1F2C0C56-BDB3-47BC-9EAE-9527DF2FAAB8}.Ad-Hoc|Any CPU.Build.0 = Release|Any CPU
		{1F2C0C56-BDB3-47BC-9EAE-9527DF2FAAB8}.Ad-Hoc|Any CPU.Deploy.0 = Release|Any CPU
		{1F2C0C56-BDB3-47BC-9EAE-9527DF2FAAB8}.Ad-Hoc|ARM.ActiveCfg = Release|ARM
		{1F2C0C56-BDB3-47BC-9EAE-9527DF2FAAB8}.Ad-Hoc|ARM.Build.0 = Release|ARM
		{1F2C0C56-BDB3-47BC-9EAE-9527DF2FAAB8}.Ad-Hoc|ARM.Deploy.0 = Release|ARM
		{1F2C0C56-BDB3-47BC-9EAE-9527DF2FAAB8}.Ad-Hoc|iPhone.ActiveCfg = Release|Any CPU
		{1F2C0C56-BDB3-47BC-9EAE-9527DF2FAAB8}.Ad-Hoc|iPhone.Build.0 = Release|Any CPU
		{1F2C0C56-BDB3-47BC-9EAE-9527DF2FAAB8}.Ad-Hoc|iPhone.Deploy.0 = Release|Any CPU
		{1F2C0C56-BDB3-47BC-9EAE-9527DF2FAAB8}.Ad-Hoc|iPhoneSimulator.ActiveCfg = Release|Any CPU
		{1F2C0C56-BDB3-47BC-9EAE-9527DF2FAAB8}.Ad-Hoc|iPhoneSimulator.Build.0 = Release|Any CPU
		{1F2C0C56-BDB3-47BC-9EAE-9527DF2FAAB8}.Ad-Hoc|iPhoneSimulator.Deploy.0 = Release|Any CPU
		{1F2C0C56-BDB3-47BC-9EAE-9527DF2FAAB8}.Ad-Hoc|x64.ActiveCfg = Release|x64
		{1F2C0C56-BDB3-47BC-9EAE-9527DF2FAAB8}.Ad-Hoc|x64.Build.0 = Release|x64
		{1F2C0C56-BDB3-47BC-9EAE-9527DF2FAAB8}.Ad-Hoc|x64.Deploy.0 = Release|x64
		{1F2C0C56-BDB3-47BC-9EAE-9527DF2FAAB8}.Ad-Hoc|x86.ActiveCfg = Release|x86
		{1F2C0C56-BDB3-47BC-9EAE-9527DF2FAAB8}.Ad-Hoc|x86.Build.0 = Release|x86
		{1F2C0C56-BDB3-47BC-9EAE-9527DF2FAAB8}.Ad-Hoc|x86.Deploy.0 = Release|x86
		{1F2C0C56-BDB3-47BC-9EAE-9527DF2FAAB8}.AppStore|Any CPU.ActiveCfg = Release|Any CPU
		{1F2C0C56-BDB3-47BC-9EAE-9527DF2FAAB8}.AppStore|Any CPU.Build.0 = Release|Any CPU
		{1F2C0C56-BDB3-47BC-9EAE-9527DF2FAAB8}.AppStore|Any CPU.Deploy.0 = Release|Any CPU
		{1F2C0C56-BDB3-47BC-9EAE-9527DF2FAAB8}.AppStore|ARM.ActiveCfg = Release|ARM
		{1F2C0C56-BDB3-47BC-9EAE-9527DF2FAAB8}.AppStore|ARM.Build.0 = Release|ARM
		{1F2C0C56-BDB3-47BC-9EAE-9527DF2FAAB8}.AppStore|ARM.Deploy.0 = Release|ARM
		{1F2C0C56-BDB3-47BC-9EAE-9527DF2FAAB8}.AppStore|iPhone.ActiveCfg = Release|Any CPU
		{1F2C0C56-BDB3-47BC-9EAE-9527DF2FAAB8}.AppStore|iPhone.Build.0 = Release|Any CPU
		{1F2C0C56-BDB3-47BC-9EAE-9527DF2FAAB8}.AppStore|iPhone.Deploy.0 = Release|Any CPU
		{1F2C0C56-BDB3-47BC-9EAE-9527DF2FAAB8}.AppStore|iPhoneSimulator.ActiveCfg = Release|Any CPU
		{1F2C0C56-BDB3-47BC-9EAE-9527DF2FAAB8}.AppStore|iPhoneSimulator.Build.0 = Release|Any CPU
		{1F2C0C56-BDB3-47BC-9EAE-9527DF2FAAB8}.AppStore|iPhoneSimulator.Deploy.0 = Release|Any CPU
		{1F2C0C56-BDB3-47BC-9EAE-9527DF2FAAB8}.AppStore|x64.ActiveCfg = Release|x64
		{1F2C0C56-BDB3-47BC-9EAE-9527DF2FAAB8}.AppStore|x64.Build.0 = Release|x64
		{1F2C0C56-BDB3-47BC-9EAE-9527DF2FAAB8}.AppStore|x64.Deploy.0 = Release|x64
		{1F2C0C56-BDB3-47BC-9EAE-9527DF2FAAB8}.AppStore|x86.ActiveCfg = Release|x86
		{1F2C0C56-BDB3-47BC-9EAE-9527DF2FAAB8}.AppStore|x86.Build.0 = Release|x86
		{1F2C0C56-BDB3-47BC-9EAE-9527DF2FAAB8}.AppStore|x86.Deploy.0 = Release|x86
		{1F2C0C56-BDB3-47BC-9EAE-9527DF2FAAB8}.Debug|Any CPU.ActiveCfg = Debug|Any CPU
		{1F2C0C56-BDB3-47BC-9EAE-9527DF2FAAB8}.Debug|Any CPU.Build.0 = Debug|Any CPU
		{1F2C0C56-BDB3-47BC-9EAE-9527DF2FAAB8}.Debug|Any CPU.Deploy.0 = Debug|Any CPU
		{1F2C0C56-BDB3-47BC-9EAE-9527DF2FAAB8}.Debug|ARM.ActiveCfg = Debug|ARM
		{1F2C0C56-BDB3-47BC-9EAE-9527DF2FAAB8}.Debug|ARM.Build.0 = Debug|ARM
		{1F2C0C56-BDB3-47BC-9EAE-9527DF2FAAB8}.Debug|ARM.Deploy.0 = Debug|ARM
		{1F2C0C56-BDB3-47BC-9EAE-9527DF2FAAB8}.Debug|iPhone.ActiveCfg = Debug|Any CPU
		{1F2C0C56-BDB3-47BC-9EAE-9527DF2FAAB8}.Debug|iPhone.Build.0 = Debug|Any CPU
		{1F2C0C56-BDB3-47BC-9EAE-9527DF2FAAB8}.Debug|iPhone.Deploy.0 = Debug|Any CPU
		{1F2C0C56-BDB3-47BC-9EAE-9527DF2FAAB8}.Debug|iPhoneSimulator.ActiveCfg = Debug|Any CPU
		{1F2C0C56-BDB3-47BC-9EAE-9527DF2FAAB8}.Debug|iPhoneSimulator.Build.0 = Debug|Any CPU
		{1F2C0C56-BDB3-47BC-9EAE-9527DF2FAAB8}.Debug|iPhoneSimulator.Deploy.0 = Debug|Any CPU
		{1F2C0C56-BDB3-47BC-9EAE-9527DF2FAAB8}.Debug|x64.ActiveCfg = Debug|x64
		{1F2C0C56-BDB3-47BC-9EAE-9527DF2FAAB8}.Debug|x64.Build.0 = Debug|x64
		{1F2C0C56-BDB3-47BC-9EAE-9527DF2FAAB8}.Debug|x64.Deploy.0 = Debug|x64
		{1F2C0C56-BDB3-47BC-9EAE-9527DF2FAAB8}.Debug|x86.ActiveCfg = Debug|x86
		{1F2C0C56-BDB3-47BC-9EAE-9527DF2FAAB8}.Debug|x86.Build.0 = Debug|x86
		{1F2C0C56-BDB3-47BC-9EAE-9527DF2FAAB8}.Debug|x86.Deploy.0 = Debug|x86
		{1F2C0C56-BDB3-47BC-9EAE-9527DF2FAAB8}.Release|Any CPU.ActiveCfg = Release|Any CPU
		{1F2C0C56-BDB3-47BC-9EAE-9527DF2FAAB8}.Release|Any CPU.Build.0 = Release|Any CPU
		{1F2C0C56-BDB3-47BC-9EAE-9527DF2FAAB8}.Release|Any CPU.Deploy.0 = Release|Any CPU
		{1F2C0C56-BDB3-47BC-9EAE-9527DF2FAAB8}.Release|ARM.ActiveCfg = Release|ARM
		{1F2C0C56-BDB3-47BC-9EAE-9527DF2FAAB8}.Release|ARM.Build.0 = Release|ARM
		{1F2C0C56-BDB3-47BC-9EAE-9527DF2FAAB8}.Release|ARM.Deploy.0 = Release|ARM
		{1F2C0C56-BDB3-47BC-9EAE-9527DF2FAAB8}.Release|iPhone.ActiveCfg = Release|Any CPU
		{1F2C0C56-BDB3-47BC-9EAE-9527DF2FAAB8}.Release|iPhone.Build.0 = Release|Any CPU
		{1F2C0C56-BDB3-47BC-9EAE-9527DF2FAAB8}.Release|iPhone.Deploy.0 = Release|Any CPU
		{1F2C0C56-BDB3-47BC-9EAE-9527DF2FAAB8}.Release|iPhoneSimulator.ActiveCfg = Release|Any CPU
		{1F2C0C56-BDB3-47BC-9EAE-9527DF2FAAB8}.Release|iPhoneSimulator.Build.0 = Release|Any CPU
		{1F2C0C56-BDB3-47BC-9EAE-9527DF2FAAB8}.Release|iPhoneSimulator.Deploy.0 = Release|Any CPU
		{1F2C0C56-BDB3-47BC-9EAE-9527DF2FAAB8}.Release|x64.ActiveCfg = Release|x64
		{1F2C0C56-BDB3-47BC-9EAE-9527DF2FAAB8}.Release|x64.Build.0 = Release|x64
		{1F2C0C56-BDB3-47BC-9EAE-9527DF2FAAB8}.Release|x64.Deploy.0 = Release|x64
		{1F2C0C56-BDB3-47BC-9EAE-9527DF2FAAB8}.Release|x86.ActiveCfg = Release|x86
		{1F2C0C56-BDB3-47BC-9EAE-9527DF2FAAB8}.Release|x86.Build.0 = Release|x86
		{1F2C0C56-BDB3-47BC-9EAE-9527DF2FAAB8}.Release|x86.Deploy.0 = Release|x86
		{FCE9E0CE-998B-477E-9CF4-AAB3E2CA8BAE}.Ad-Hoc|Any CPU.ActiveCfg = Release|Any CPU
		{FCE9E0CE-998B-477E-9CF4-AAB3E2CA8BAE}.Ad-Hoc|Any CPU.Build.0 = Release|Any CPU
		{FCE9E0CE-998B-477E-9CF4-AAB3E2CA8BAE}.Ad-Hoc|ARM.ActiveCfg = Release|Any CPU
		{FCE9E0CE-998B-477E-9CF4-AAB3E2CA8BAE}.Ad-Hoc|ARM.Build.0 = Release|Any CPU
		{FCE9E0CE-998B-477E-9CF4-AAB3E2CA8BAE}.Ad-Hoc|iPhone.ActiveCfg = Release|Any CPU
		{FCE9E0CE-998B-477E-9CF4-AAB3E2CA8BAE}.Ad-Hoc|iPhone.Build.0 = Release|Any CPU
		{FCE9E0CE-998B-477E-9CF4-AAB3E2CA8BAE}.Ad-Hoc|iPhoneSimulator.ActiveCfg = Release|Any CPU
		{FCE9E0CE-998B-477E-9CF4-AAB3E2CA8BAE}.Ad-Hoc|iPhoneSimulator.Build.0 = Release|Any CPU
		{FCE9E0CE-998B-477E-9CF4-AAB3E2CA8BAE}.Ad-Hoc|x64.ActiveCfg = Release|Any CPU
		{FCE9E0CE-998B-477E-9CF4-AAB3E2CA8BAE}.Ad-Hoc|x64.Build.0 = Release|Any CPU
		{FCE9E0CE-998B-477E-9CF4-AAB3E2CA8BAE}.Ad-Hoc|x86.ActiveCfg = Release|Any CPU
		{FCE9E0CE-998B-477E-9CF4-AAB3E2CA8BAE}.Ad-Hoc|x86.Build.0 = Release|Any CPU
		{FCE9E0CE-998B-477E-9CF4-AAB3E2CA8BAE}.AppStore|Any CPU.ActiveCfg = Release|Any CPU
		{FCE9E0CE-998B-477E-9CF4-AAB3E2CA8BAE}.AppStore|Any CPU.Build.0 = Release|Any CPU
		{FCE9E0CE-998B-477E-9CF4-AAB3E2CA8BAE}.AppStore|ARM.ActiveCfg = Release|Any CPU
		{FCE9E0CE-998B-477E-9CF4-AAB3E2CA8BAE}.AppStore|ARM.Build.0 = Release|Any CPU
		{FCE9E0CE-998B-477E-9CF4-AAB3E2CA8BAE}.AppStore|iPhone.ActiveCfg = Release|Any CPU
		{FCE9E0CE-998B-477E-9CF4-AAB3E2CA8BAE}.AppStore|iPhone.Build.0 = Release|Any CPU
		{FCE9E0CE-998B-477E-9CF4-AAB3E2CA8BAE}.AppStore|iPhoneSimulator.ActiveCfg = Release|Any CPU
		{FCE9E0CE-998B-477E-9CF4-AAB3E2CA8BAE}.AppStore|iPhoneSimulator.Build.0 = Release|Any CPU
		{FCE9E0CE-998B-477E-9CF4-AAB3E2CA8BAE}.AppStore|x64.ActiveCfg = Release|Any CPU
		{FCE9E0CE-998B-477E-9CF4-AAB3E2CA8BAE}.AppStore|x64.Build.0 = Release|Any CPU
		{FCE9E0CE-998B-477E-9CF4-AAB3E2CA8BAE}.AppStore|x86.ActiveCfg = Release|Any CPU
		{FCE9E0CE-998B-477E-9CF4-AAB3E2CA8BAE}.AppStore|x86.Build.0 = Release|Any CPU
		{FCE9E0CE-998B-477E-9CF4-AAB3E2CA8BAE}.Debug|Any CPU.ActiveCfg = Debug|Any CPU
		{FCE9E0CE-998B-477E-9CF4-AAB3E2CA8BAE}.Debug|Any CPU.Build.0 = Debug|Any CPU
		{FCE9E0CE-998B-477E-9CF4-AAB3E2CA8BAE}.Debug|Any CPU.Deploy.0 = Debug|Any CPU
		{FCE9E0CE-998B-477E-9CF4-AAB3E2CA8BAE}.Debug|ARM.ActiveCfg = Debug|Any CPU
		{FCE9E0CE-998B-477E-9CF4-AAB3E2CA8BAE}.Debug|ARM.Build.0 = Debug|Any CPU
		{FCE9E0CE-998B-477E-9CF4-AAB3E2CA8BAE}.Debug|iPhone.ActiveCfg = Debug|Any CPU
		{FCE9E0CE-998B-477E-9CF4-AAB3E2CA8BAE}.Debug|iPhone.Build.0 = Debug|Any CPU
		{FCE9E0CE-998B-477E-9CF4-AAB3E2CA8BAE}.Debug|iPhoneSimulator.ActiveCfg = Debug|Any CPU
		{FCE9E0CE-998B-477E-9CF4-AAB3E2CA8BAE}.Debug|iPhoneSimulator.Build.0 = Debug|Any CPU
		{FCE9E0CE-998B-477E-9CF4-AAB3E2CA8BAE}.Debug|x64.ActiveCfg = Debug|Any CPU
		{FCE9E0CE-998B-477E-9CF4-AAB3E2CA8BAE}.Debug|x64.Build.0 = Debug|Any CPU
		{FCE9E0CE-998B-477E-9CF4-AAB3E2CA8BAE}.Debug|x86.ActiveCfg = Debug|Any CPU
		{FCE9E0CE-998B-477E-9CF4-AAB3E2CA8BAE}.Debug|x86.Build.0 = Debug|Any CPU
		{FCE9E0CE-998B-477E-9CF4-AAB3E2CA8BAE}.Release|Any CPU.ActiveCfg = Release|Any CPU
		{FCE9E0CE-998B-477E-9CF4-AAB3E2CA8BAE}.Release|Any CPU.Build.0 = Release|Any CPU
		{FCE9E0CE-998B-477E-9CF4-AAB3E2CA8BAE}.Release|ARM.ActiveCfg = Release|Any CPU
		{FCE9E0CE-998B-477E-9CF4-AAB3E2CA8BAE}.Release|ARM.Build.0 = Release|Any CPU
		{FCE9E0CE-998B-477E-9CF4-AAB3E2CA8BAE}.Release|iPhone.ActiveCfg = Release|Any CPU
		{FCE9E0CE-998B-477E-9CF4-AAB3E2CA8BAE}.Release|iPhone.Build.0 = Release|Any CPU
		{FCE9E0CE-998B-477E-9CF4-AAB3E2CA8BAE}.Release|iPhoneSimulator.ActiveCfg = Release|Any CPU
		{FCE9E0CE-998B-477E-9CF4-AAB3E2CA8BAE}.Release|iPhoneSimulator.Build.0 = Release|Any CPU
		{FCE9E0CE-998B-477E-9CF4-AAB3E2CA8BAE}.Release|x64.ActiveCfg = Release|Any CPU
		{FCE9E0CE-998B-477E-9CF4-AAB3E2CA8BAE}.Release|x64.Build.0 = Release|Any CPU
		{FCE9E0CE-998B-477E-9CF4-AAB3E2CA8BAE}.Release|x86.ActiveCfg = Release|Any CPU
		{FCE9E0CE-998B-477E-9CF4-AAB3E2CA8BAE}.Release|x86.Build.0 = Release|Any CPU
	EndGlobalSection
	GlobalSection(SolutionProperties) = preSolution
		HideSolutionNode = FALSE
	EndGlobalSection
EndGlobal
